// !$*UTF8*$!
{
	archiveVersion = 1;
	classes = {
	};
	objectVersion = 48;
	objects = {

/* Begin PBXBuildFile section */
		8DD4BBA31FCD05340027DC89 /* AppDelegate.swift in Sources */ = {isa = PBXBuildFile; fileRef = 8DD4BBA21FCD05340027DC89 /* AppDelegate.swift */; };
		8DD4BBA51FCD05340027DC89 /* ViewController.swift in Sources */ = {isa = PBXBuildFile; fileRef = 8DD4BBA41FCD05340027DC89 /* ViewController.swift */; };
		8DD4BBA81FCD05340027DC89 /* Main.storyboard in Resources */ = {isa = PBXBuildFile; fileRef = 8DD4BBA61FCD05340027DC89 /* Main.storyboard */; };
		8DD4BBAA1FCD05340027DC89 /* Assets.xcassets in Resources */ = {isa = PBXBuildFile; fileRef = 8DD4BBA91FCD05340027DC89 /* Assets.xcassets */; };
		8DD4BBAD1FCD05340027DC89 /* LaunchScreen.storyboard in Resources */ = {isa = PBXBuildFile; fileRef = 8DD4BBAB1FCD05340027DC89 /* LaunchScreen.storyboard */; };
		8DD4BBB61FCD0D010027DC89 /* TestTableViewCell.swift in Sources */ = {isa = PBXBuildFile; fileRef = 8DD4BBB41FCD0D010027DC89 /* TestTableViewCell.swift */; };
		8DD4BBB71FCD0D010027DC89 /* TestTableViewCell.xib in Resources */ = {isa = PBXBuildFile; fileRef = 8DD4BBB51FCD0D010027DC89 /* TestTableViewCell.xib */; };
		8DD4BBB91FCD1AA80027DC89 /* TestModel.swift in Sources */ = {isa = PBXBuildFile; fileRef = 8DD4BBB81FCD1AA80027DC89 /* TestModel.swift */; };
/* End PBXBuildFile section */

/* Begin PBXFileReference section */
		8DD4BB9F1FCD05340027DC89 /* iOSTableViewDemo.app */ = {isa = PBXFileReference; explicitFileType = wrapper.application; includeInIndex = 0; path = iOSTableViewDemo.app; sourceTree = BUILT_PRODUCTS_DIR; };
		8DD4BBA21FCD05340027DC89 /* AppDelegate.swift */ = {isa = PBXFileReference; lastKnownFileType = sourcecode.swift; path = AppDelegate.swift; sourceTree = "<group>"; };
		8DD4BBA41FCD05340027DC89 /* ViewController.swift */ = {isa = PBXFileReference; lastKnownFileType = sourcecode.swift; path = ViewController.swift; sourceTree = "<group>"; };
		8DD4BBA71FCD05340027DC89 /* Base */ = {isa = PBXFileReference; lastKnownFileType = file.storyboard; name = Base; path = Base.lproj/Main.storyboard; sourceTree = "<group>"; };
		8DD4BBA91FCD05340027DC89 /* Assets.xcassets */ = {isa = PBXFileReference; lastKnownFileType = folder.assetcatalog; path = Assets.xcassets; sourceTree = "<group>"; };
		8DD4BBAC1FCD05340027DC89 /* Base */ = {isa = PBXFileReference; lastKnownFileType = file.storyboard; name = Base; path = Base.lproj/LaunchScreen.storyboard; sourceTree = "<group>"; };
		8DD4BBAE1FCD05340027DC89 /* Info.plist */ = {isa = PBXFileReference; lastKnownFileType = text.plist.xml; path = Info.plist; sourceTree = "<group>"; };
		8DD4BBB41FCD0D010027DC89 /* TestTableViewCell.swift */ = {isa = PBXFileReference; lastKnownFileType = sourcecode.swift; path = TestTableViewCell.swift; sourceTree = "<group>"; };
		8DD4BBB51FCD0D010027DC89 /* TestTableViewCell.xib */ = {isa = PBXFileReference; lastKnownFileType = file.xib; path = TestTableViewCell.xib; sourceTree = "<group>"; };
		8DD4BBB81FCD1AA80027DC89 /* TestModel.swift */ = {isa = PBXFileReference; lastKnownFileType = sourcecode.swift; path = TestModel.swift; sourceTree = "<group>"; };
/* End PBXFileReference section */

/* Begin PBXFrameworksBuildPhase section */
		8DD4BB9C1FCD05340027DC89 /* Frameworks */ = {
			isa = PBXFrameworksBuildPhase;
			buildActionMask = 2147483647;
			files = (
			);
			runOnlyForDeploymentPostprocessing = 0;
		};
/* End PBXFrameworksBuildPhase section */

/* Begin PBXGroup section */
		8DD4BB961FCD05340027DC89 = {
			isa = PBXGroup;
			children = (
				8DD4BBA11FCD05340027DC89 /* iOSTableViewDemo */,
				8DD4BBA01FCD05340027DC89 /* Products */,
			);
			sourceTree = "<group>";
		};
		8DD4BBA01FCD05340027DC89 /* Products */ = {
			isa = PBXGroup;
			children = (
				8DD4BB9F1FCD05340027DC89 /* iOSTableViewDemo.app */,
			);
			name = Products;
			sourceTree = "<group>";
		};
		8DD4BBA11FCD05340027DC89 /* iOSTableViewDemo */ = {
			isa = PBXGroup;
			children = (
				8DD4BBA21FCD05340027DC89 /* AppDelegate.swift */,
				8DD4BBA41FCD05340027DC89 /* ViewController.swift */,
				8DD4BBB81FCD1AA80027DC89 /* TestModel.swift */,
				8DD4BBB41FCD0D010027DC89 /* TestTableViewCell.swift */,
				8DD4BBB51FCD0D010027DC89 /* TestTableViewCell.xib */,
				8DD4BBA61FCD05340027DC89 /* Main.storyboard */,
				8DD4BBA91FCD05340027DC89 /* Assets.xcassets */,
				8DD4BBAB1FCD05340027DC89 /* LaunchScreen.storyboard */,
				8DD4BBAE1FCD05340027DC89 /* Info.plist */,
			);
			path = iOSTableViewDemo;
			sourceTree = "<group>";
		};
/* End PBXGroup section */

/* Begin PBXNativeTarget section */
		8DD4BB9E1FCD05340027DC89 /* iOSTableViewDemo */ = {
			isa = PBXNativeTarget;
			buildConfigurationList = 8DD4BBB11FCD05340027DC89 /* Build configuration list for PBXNativeTarget "iOSTableViewDemo" */;
			buildPhases = (
				8DD4BB9B1FCD05340027DC89 /* Sources */,
				8DD4BB9C1FCD05340027DC89 /* Frameworks */,
				8DD4BB9D1FCD05340027DC89 /* Resources */,
			);
			buildRules = (
			);
			dependencies = (
			);
			name = iOSTableViewDemo;
			productName = iOSTableViewDemo;
			productReference = 8DD4BB9F1FCD05340027DC89 /* iOSTableViewDemo.app */;
			productType = "com.apple.product-type.application";
		};
/* End PBXNativeTarget section */

/* Begin PBXProject section */
		8DD4BB971FCD05340027DC89 /* Project object */ = {
			isa = PBXProject;
			attributes = {
				LastSwiftUpdateCheck = 0910;
				LastUpgradeCheck = 0910;
				ORGANIZATIONNAME = firstleap;
				TargetAttributes = {
					8DD4BB9E1FCD05340027DC89 = {
						CreatedOnToolsVersion = 9.1;
						ProvisioningStyle = Automatic;
					};
				};
			};
			buildConfigurationList = 8DD4BB9A1FCD05340027DC89 /* Build configuration list for PBXProject "iOSTableViewDemo" */;
			compatibilityVersion = "Xcode 8.0";
			developmentRegion = en;
			hasScannedForEncodings = 0;
			knownRegions = (
				en,
				Base,
			);
			mainGroup = 8DD4BB961FCD05340027DC89;
			productRefGroup = 8DD4BBA01FCD05340027DC89 /* Products */;
			projectDirPath = "";
			projectRoot = "";
			targets = (
				8DD4BB9E1FCD05340027DC89 /* iOSTableViewDemo */,
			);
		};
/* End PBXProject section */

/* Begin PBXResourcesBuildPhase section */
		8DD4BB9D1FCD05340027DC89 /* Resources */ = {
			isa = PBXResourcesBuildPhase;
			buildActionMask = 2147483647;
			files = (
				8DD4BBAD1FCD05340027DC89 /* LaunchScreen.storyboard in Resources */,
				8DD4BBB71FCD0D010027DC89 /* TestTableViewCell.xib in Resources */,
				8DD4BBAA1FCD05340027DC89 /* Assets.xcassets in Resources */,
				8DD4BBA81FCD05340027DC89 /* Main.storyboard in Resources */,
			);
			runOnlyForDeploymentPostprocessing = 0;
		};
/* End PBXResourcesBuildPhase section */

/* Begin PBXSourcesBuildPhase section */
		8DD4BB9B1FCD05340027DC89 /* Sources */ = {
			isa = PBXSourcesBuildPhase;
			buildActionMask = 2147483647;
			files = (
				8DD4BBA51FCD05340027DC89 /* ViewController.swift in Sources */,
				8DD4BBA31FCD05340027DC89 /* AppDelegate.swift in Sources */,
				8DD4BBB61FCD0D010027DC89 /* TestTableViewCell.swift in Sources */,
				8DD4BBB91FCD1AA80027DC89 /* TestModel.swift in Sources */,
			);
			runOnlyForDeploymentPostprocessing = 0;
		};
/* End PBXSourcesBuildPhase section */

/* Begin PBXVariantGroup section */
		8DD4BBA61FCD05340027DC89 /* Main.storyboard */ = {
			isa = PBXVariantGroup;
			children = (
				8DD4BBA71FCD05340027DC89 /* Base */,
			);
			name = Main.storyboard;
			sourceTree = "<group>";
		};
		8DD4BBAB1FCD05340027DC89 /* LaunchScreen.storyboard */ = {
			isa = PBXVariantGroup;
			children = (
				8DD4BBAC1FCD05340027DC89 /* Base */,
			);
			name = LaunchScreen.storyboard;
			sourceTree = "<group>";
		};
/* End PBXVariantGroup section */

/* Begin XCBuildConfiguration section */
		8DD4BBAF1FCD05340027DC89 /* Debug */ = {
			isa = XCBuildConfiguration;
			buildSettings = {
				ALWAYS_SEARCH_USER_PATHS = NO;
				CLANG_ANALYZER_NONNULL = YES;
				CLANG_ANALYZER_NUMBER_OBJECT_CONVERSION = YES_AGGRESSIVE;
				CLANG_CXX_LANGUAGE_STANDARD = "gnu++14";
				CLANG_CXX_LIBRARY = "libc++";
				CLANG_ENABLE_MODULES = YES;
				CLANG_ENABLE_OBJC_ARC = YES;
				CLANG_WARN_BLOCK_CAPTURE_AUTORELEASING = YES;
				CLANG_WARN_BOOL_CONVERSION = YES;
				CLANG_WARN_COMMA = YES;
				CLANG_WARN_CONSTANT_CONVERSION = YES;
				CLANG_WARN_DIRECT_OBJC_ISA_USAGE = YES_ERROR;
				CLANG_WARN_DOCUMENTATION_COMMENTS = YES;
				CLANG_WARN_EMPTY_BODY = YES;
				CLANG_WARN_ENUM_CONVERSION = YES;
				CLANG_WARN_INFINITE_RECURSION = YES;
				CLANG_WARN_INT_CONVERSION = YES;
				CLANG_WARN_NON_LITERAL_NULL_CONVERSION = YES;
				CLANG_WARN_OBJC_LITERAL_CONVERSION = YES;
				CLANG_WARN_OBJC_ROOT_CLASS = YES_ERROR;
				CLANG_WARN_RANGE_LOOP_ANALYSIS = YES;
				CLANG_WARN_STRICT_PROTOTYPES = YES;
				CLANG_WARN_SUSPICIOUS_MOVE = YES;
				CLANG_WARN_UNGUARDED_AVAILABILITY = YES_AGGRESSIVE;
				CLANG_WARN_UNREACHABLE_CODE = YES;
				CLANG_WARN__DUPLICATE_METHOD_MATCH = YES;
				CODE_SIGN_IDENTITY = "iPhone Developer";
				COPY_PHASE_STRIP = NO;
				DEBUG_INFORMATION_FORMAT = dwarf;
				ENABLE_STRICT_OBJC_MSGSEND = YES;
				ENABLE_TESTABILITY = YES;
				GCC_C_LANGUAGE_STANDARD = gnu11;
				GCC_DYNAMIC_NO_PIC = NO;
				GCC_NO_COMMON_BLOCKS = YES;
				GCC_OPTIMIZATION_LEVEL = 0;
				GCC_PREPROCESSOR_DEFINITIONS = (
					"DEBUG=1",
					"$(inherited)",
				);
				GCC_WARN_64_TO_32_BIT_CONVERSION = YES;
				GCC_WARN_ABOUT_RETURN_TYPE = YES_ERROR;
				GCC_WARN_UNDECLARED_SELECTOR = YES;
				GCC_WARN_UNINITIALIZED_AUTOS = YES_AGGRESSIVE;
				GCC_WARN_UNUSED_FUNCTION = YES;
				GCC_WARN_UNUSED_VARIABLE = YES;
				IPHONEOS_DEPLOYMENT_TARGET = 9.0;
				MTL_ENABLE_DEBUG_INFO = YES;
				ONLY_ACTIVE_ARCH = YES;
				SDKROOT = iphoneos;
				SWIFT_ACTIVE_COMPILATION_CONDITIONS = DEBUG;
				SWIFT_OPTIMIZATION_LEVEL = "-Onone";
			};
			name = Debug;
		};
		8DD4BBB01FCD05340027DC89 /* Release */ = {
			isa = XCBuildConfiguration;
			buildSettings = {
				ALWAYS_SEARCH_USER_PATHS = NO;
				CLANG_ANALYZER_NONNULL = YES;
				CLANG_ANALYZER_NUMBER_OBJECT_CONVERSION = YES_AGGRESSIVE;
				CLANG_CXX_LANGUAGE_STANDARD = "gnu++14";
				CLANG_CXX_LIBRARY = "libc++";
				CLANG_ENABLE_MODULES = YES;
				CLANG_ENABLE_OBJC_ARC = YES;
				CLANG_WARN_BLOCK_CAPTURE_AUTORELEASING = YES;
				CLANG_WARN_BOOL_CONVERSION = YES;
				CLANG_WARN_COMMA = YES;
				CLANG_WARN_CONSTANT_CONVERSION = YES;
				CLANG_WARN_DIRECT_OBJC_ISA_USAGE = YES_ERROR;
				CLANG_WARN_DOCUMENTATION_COMMENTS = YES;
				CLANG_WARN_EMPTY_BODY = YES;
				CLANG_WARN_ENUM_CONVERSION = YES;
				CLANG_WARN_INFINITE_RECURSION = YES;
				CLANG_WARN_INT_CONVERSION = YES;
				CLANG_WARN_NON_LITERAL_NULL_CONVERSION = YES;
				CLANG_WARN_OBJC_LITERAL_CONVERSION = YES;
				CLANG_WARN_OBJC_ROOT_CLASS = YES_ERROR;
				CLANG_WARN_RANGE_LOOP_ANALYSIS = YES;
				CLANG_WARN_STRICT_PROTOTYPES = YES;
				CLANG_WARN_SUSPICIOUS_MOVE = YES;
				CLANG_WARN_UNGUARDED_AVAILABILITY = YES_AGGRESSIVE;
				CLANG_WARN_UNREACHABLE_CODE = YES;
				CLANG_WARN__DUPLICATE_METHOD_MATCH = YES;
				CODE_SIGN_IDENTITY = "iPhone Developer";
				COPY_PHASE_STRIP = NO;
				DEBUG_INFORMATION_FORMAT = "dwarf-with-dsym";
				ENABLE_NS_ASSERTIONS = NO;
				ENABLE_STRICT_OBJC_MSGSEND = YES;
				GCC_C_LANGUAGE_STANDARD = gnu11;
				GCC_NO_COMMON_BLOCKS = YES;
				GCC_WARN_64_TO_32_BIT_CONVERSION = YES;
				GCC_WARN_ABOUT_RETURN_TYPE = YES_ERROR;
				GCC_WARN_UNDECLARED_SELECTOR = YES;
				GCC_WARN_UNINITIALIZED_AUTOS = YES_AGGRESSIVE;
				GCC_WARN_UNUSED_FUNCTION = YES;
				GCC_WARN_UNUSED_VARIABLE = YES;
				IPHONEOS_DEPLOYMENT_TARGET = 9.0;
				MTL_ENABLE_DEBUG_INFO = NO;
				SDKROOT = iphoneos;
				SWIFT_OPTIMIZATION_LEVEL = "-Owholemodule";
				VALIDATE_PRODUCT = YES;
			};
			name = Release;
		};
		8DD4BBB21FCD05340027DC89 /* Debug */ = {
			isa = XCBuildConfiguration;
			buildSettings = {
				ASSETCATALOG_COMPILER_APPICON_NAME = AppIcon;
				CODE_SIGN_STYLE = Automatic;
				DEVELOPMENT_TEAM = RYA847UAJJ;
				INFOPLIST_FILE = iOSTableViewDemo/Info.plist;
				IPHONEOS_DEPLOYMENT_TARGET = 9.0;
				LD_RUNPATH_SEARCH_PATHS = "$(inherited) @executable_path/Frameworks";
				PRODUCT_BUNDLE_IDENTIFIER = com.firstleap.www.iOSTableViewDemo;
				PRODUCT_NAME = "$(TARGET_NAME)";
				SWIFT_VERSION = 4.0;
				TARGETED_DEVICE_FAMILY = "1,2";
			};
			name = Debug;
		};
		8DD4BBB31FCD05340027DC89 /* Release */ = {
			isa = XCBuildConfiguration;
			buildSettings = {
				ASSETCATALOG_COMPILER_APPICON_NAME = AppIcon;
				CODE_SIGN_STYLE = Automatic;
				DEVELOPMENT_TEAM = RYA847UAJJ;
				INFOPLIST_FILE = iOSTableViewDemo/Info.plist;
				IPHONEOS_DEPLOYMENT_TARGET = 9.0;
				LD_RUNPATH_SEARCH_PATHS = "$(inherited) @executable_path/Frameworks";
				PRODUCT_BUNDLE_IDENTIFIER = com.firstleap.www.iOSTableViewDemo;
				PRODUCT_NAME = "$(TARGET_NAME)";
				SWIFT_VERSION = 4.0;
				TARGETED_DEVICE_FAMILY = "1,2";
			};
			name = Release;
		};
/* End XCBuildConfiguration section */

/* Begin XCConfigurationList section */
		8DD4BB9A1FCD05340027DC89 /* Build configuration list for PBXProject "iOSTableViewDemo" */ = {
			isa = XCConfigurationList;
			buildConfigurations = (
				8DD4BBAF1FCD05340027DC89 /* Debug */,
				8DD4BBB01FCD05340027DC89 /* Release */,
			);
			defaultConfigurationIsVisible = 0;
			defaultConfigurationName = Release;
		};
		8DD4BBB11FCD05340027DC89 /* Build configuration list for PBXNativeTarget "iOSTableViewDemo" */ = {
			isa = XCConfigurationList;
			buildConfigurations = (
				8DD4BBB21FCD05340027DC89 /* Debug */,
				8DD4BBB31FCD05340027DC89 /* Release */,
			);
			defaultConfigurationIsVisible = 0;
			defaultConfigurationName = Release;
		};
/* End XCConfigurationList section */
	};
	rootObject = 8DD4BB971FCD05340027DC89 /* Project object */;
}
